
Microsoft Visual Studio Solution File, Format Version 12.00
# Visual Studio Version 17
VisualStudioVersion = 17.11.35327.3
MinimumVisualStudioVersion = 10.0.40219.1
Project("{FAE04EC0-301F-11D3-BF4B-00C04F79EFBC}") = "Ejercicio4", "Ejercicio4\Ejercicio4.csproj", "{E8585EC5-9471-42BC-87BE-82967543E4BE}"
EndProject
Global
	GlobalSection(SolutionConfigurationPlatforms) = preSolution
		Debug|Any CPU = Debug|Any CPU
		Release|Any CPU = Release|Any CPU
	EndGlobalSection
	GlobalSection(ProjectConfigurationPlatforms) = postSolution
		{E8585EC5-9471-42BC-87BE-82967543E4BE}.Debug|Any CPU.ActiveCfg = Debug|Any CPU
		{E8585EC5-9471-42BC-87BE-82967543E4BE}.Debug|Any CPU.Build.0 = Debug|Any CPU
		{E8585EC5-9471-42BC-87BE-82967543E4BE}.Release|Any CPU.ActiveCfg = Release|Any CPU
		{E8585EC5-9471-42BC-87BE-82967543E4BE}.Release|Any CPU.Build.0 = Release|Any CPU
	EndGlobalSection
	GlobalSection(SolutionProperties) = preSolution
		HideSolutionNode = FALSE
	EndGlobalSection
	GlobalSection(ExtensibilityGlobals) = postSolution
		SolutionGuid = {DE3E78F6-C156-410A-B3DD-4787850C1C9D}
	EndGlobalSection
EndGlobal
